
Microsoft Visual Studio Solution File, Format Version 12.00
# Visual Studio Version 17
VisualStudioVersion = 17.0.31903.59
MinimumVisualStudioVersion = 10.0.40219.1
Project("{2150E333-8FDC-42A3-9474-1A3956D46DE8}") = "src", "src", "{40271E49-B627-43CE-9EF7-3BEB2758874A}"
EndProject
Project("{FAE04EC0-301F-11D3-BF4B-00C04F79EFBC}") = "LSA.Data", "src\LSA.Data\LSA.Data.csproj", "{264F2EF4-2B68-41C0-AA9C-2655C5731A88}"
EndProject
Project("{FAE04EC0-301F-11D3-BF4B-00C04F79EFBC}") = "LSA.Core", "src\LSA.Core\LSA.Core.csproj", "{96265410-EDD1-40D0-A4D6-AFD6ACCD3901}"
EndProject
Project("{FAE04EC0-301F-11D3-BF4B-00C04F79EFBC}") = "LSA.Mock", "src\LSA.Mock\LSA.Mock.csproj", "{05EDBBBA-0725-4391-9C16-A6D7BAE949F6}"
EndProject
Project("{FAE04EC0-301F-11D3-BF4B-00C04F79EFBC}") = "LSA.Lcu", "src\LSA.Lcu\LSA.Lcu.csproj", "{1D9CA6AA-AF70-438A-B283-E8900ABAB35E}"
EndProject
Project("{FAE04EC0-301F-11D3-BF4B-00C04F79EFBC}") = "LSA.App", "src\LSA.App\LSA.App.csproj", "{266AA1AD-D559-4523-B34A-372542FE6087}"
EndProject
Project("{FAE04EC0-301F-11D3-BF4B-00C04F79EFBC}") = "LSA.Tests", "src\LSA.Tests\LSA.Tests.csproj", "{A1B2C3D4-E5F6-7890-ABCD-EF1234567890}"
EndProject
Global
	GlobalSection(SolutionConfigurationPlatforms) = preSolution
		Debug|Any CPU = Debug|Any CPU
		Release|Any CPU = Release|Any CPU
	EndGlobalSection
	GlobalSection(SolutionProperties) = preSolution
		HideSolutionNode = FALSE
	EndGlobalSection
	GlobalSection(ProjectConfigurationPlatforms) = postSolution
		{264F2EF4-2B68-41C0-AA9C-2655C5731A88}.Debug|Any CPU.ActiveCfg = Debug|Any CPU
		{264F2EF4-2B68-41C0-AA9C-2655C5731A88}.Debug|Any CPU.Build.0 = Debug|Any CPU
		{264F2EF4-2B68-41C0-AA9C-2655C5731A88}.Release|Any CPU.ActiveCfg = Release|Any CPU
		{264F2EF4-2B68-41C0-AA9C-2655C5731A88}.Release|Any CPU.Build.0 = Release|Any CPU
		{96265410-EDD1-40D0-A4D6-AFD6ACCD3901}.Debug|Any CPU.ActiveCfg = Debug|Any CPU
		{96265410-EDD1-40D0-A4D6-AFD6ACCD3901}.Debug|Any CPU.Build.0 = Debug|Any CPU
		{96265410-EDD1-40D0-A4D6-AFD6ACCD3901}.Release|Any CPU.ActiveCfg = Release|Any CPU
		{96265410-EDD1-40D0-A4D6-AFD6ACCD3901}.Release|Any CPU.Build.0 = Release|Any CPU
		{05EDBBBA-0725-4391-9C16-A6D7BAE949F6}.Debug|Any CPU.ActiveCfg = Debug|Any CPU
		{05EDBBBA-0725-4391-9C16-A6D7BAE949F6}.Debug|Any CPU.Build.0 = Debug|Any CPU
		{05EDBBBA-0725-4391-9C16-A6D7BAE949F6}.Release|Any CPU.ActiveCfg = Release|Any CPU
		{05EDBBBA-0725-4391-9C16-A6D7BAE949F6}.Release|Any CPU.Build.0 = Release|Any CPU
		{1D9CA6AA-AF70-438A-B283-E8900ABAB35E}.Debug|Any CPU.ActiveCfg = Debug|Any CPU
		{1D9CA6AA-AF70-438A-B283-E8900ABAB35E}.Debug|Any CPU.Build.0 = Debug|Any CPU
		{1D9CA6AA-AF70-438A-B283-E8900ABAB35E}.Release|Any CPU.ActiveCfg = Release|Any CPU
		{1D9CA6AA-AF70-438A-B283-E8900ABAB35E}.Release|Any CPU.Build.0 = Release|Any CPU
		{266AA1AD-D559-4523-B34A-372542FE6087}.Debug|Any CPU.ActiveCfg = Debug|Any CPU
		{266AA1AD-D559-4523-B34A-372542FE6087}.Debug|Any CPU.Build.0 = Debug|Any CPU
		{266AA1AD-D559-4523-B34A-372542FE6087}.Release|Any CPU.ActiveCfg = Release|Any CPU
		{266AA1AD-D559-4523-B34A-372542FE6087}.Release|Any CPU.Build.0 = Release|Any CPU
		{A1B2C3D4-E5F6-7890-ABCD-EF1234567890}.Debug|Any CPU.ActiveCfg = Debug|Any CPU
		{A1B2C3D4-E5F6-7890-ABCD-EF1234567890}.Debug|Any CPU.Build.0 = Debug|Any CPU
		{A1B2C3D4-E5F6-7890-ABCD-EF1234567890}.Release|Any CPU.ActiveCfg = Release|Any CPU
		{A1B2C3D4-E5F6-7890-ABCD-EF1234567890}.Release|Any CPU.Build.0 = Release|Any CPU
	EndGlobalSection
	GlobalSection(NestedProjects) = preSolution
		{264F2EF4-2B68-41C0-AA9C-2655C5731A88} = {40271E49-B627-43CE-9EF7-3BEB2758874A}
		{96265410-EDD1-40D0-A4D6-AFD6ACCD3901} = {40271E49-B627-43CE-9EF7-3BEB2758874A}
		{05EDBBBA-0725-4391-9C16-A6D7BAE949F6} = {40271E49-B627-43CE-9EF7-3BEB2758874A}
		{1D9CA6AA-AF70-438A-B283-E8900ABAB35E} = {40271E49-B627-43CE-9EF7-3BEB2758874A}
		{266AA1AD-D559-4523-B34A-372542FE6087} = {40271E49-B627-43CE-9EF7-3BEB2758874A}
		{A1B2C3D4-E5F6-7890-ABCD-EF1234567890} = {40271E49-B627-43CE-9EF7-3BEB2758874A}
	EndGlobalSection
EndGlobal
